// !$*UTF8*$!
{
	archiveVersion = 1;
	classes = {
	};
	objectVersion = 56;
	objects = {

/* Begin PBXBuildFile section */
		519271882B054DA100646EA4 /* todoApp.swift in Sources */ = {isa = PBXBuildFile; fileRef = 519271872B054DA100646EA4 /* todoApp.swift */; };
		5192718A2B054DA100646EA4 /* MainView.swift in Sources */ = {isa = PBXBuildFile; fileRef = 519271892B054DA100646EA4 /* MainView.swift */; };
		5192718C2B054DA400646EA4 /* Assets.xcassets in Resources */ = {isa = PBXBuildFile; fileRef = 5192718B2B054DA400646EA4 /* Assets.xcassets */; };
		519271902B054DA400646EA4 /* Preview Assets.xcassets in Resources */ = {isa = PBXBuildFile; fileRef = 5192718F2B054DA400646EA4 /* Preview Assets.xcassets */; };
		5192719A2B054DA500646EA4 /* todoTests.swift in Sources */ = {isa = PBXBuildFile; fileRef = 519271992B054DA500646EA4 /* todoTests.swift */; };
		519271A42B054DA500646EA4 /* todoUITests.swift in Sources */ = {isa = PBXBuildFile; fileRef = 519271A32B054DA500646EA4 /* todoUITests.swift */; };
		519271A62B054DA500646EA4 /* todoUITestsLaunchTests.swift in Sources */ = {isa = PBXBuildFile; fileRef = 519271A52B054DA500646EA4 /* todoUITestsLaunchTests.swift */; };
		519271BA2B055A0700646EA4 /* FirebaseAnalytics in Frameworks */ = {isa = PBXBuildFile; productRef = 519271B92B055A0700646EA4 /* FirebaseAnalytics */; };
		519271C62B055A4000646EA4 /* FirebaseAuth in Frameworks */ = {isa = PBXBuildFile; productRef = 519271C52B055A4000646EA4 /* FirebaseAuth */; };
		519271D22B055A4100646EA4 /* FirebaseFirestore in Frameworks */ = {isa = PBXBuildFile; productRef = 519271D12B055A4100646EA4 /* FirebaseFirestore */; };
		519271D62B055A4100646EA4 /* FirebaseFirestoreSwift in Frameworks */ = {isa = PBXBuildFile; productRef = 519271D52B055A4100646EA4 /* FirebaseFirestoreSwift */; };
		519271F12B055C8300646EA4 /* GoogleService-Info.plist in Resources */ = {isa = PBXBuildFile; fileRef = 519271F02B055C8200646EA4 /* GoogleService-Info.plist */; };
		51BBD4412B0698FD00D24405 /* HeaderView.swift in Sources */ = {isa = PBXBuildFile; fileRef = 51BBD4402B0698FD00D24405 /* HeaderView.swift */; };
		51F859232B05DD5E0028946D /* ProfileView.swift in Sources */ = {isa = PBXBuildFile; fileRef = 51F859222B05DD5E0028946D /* ProfileView.swift */; };
		51F859252B05DD760028946D /* ToDoListView.swift in Sources */ = {isa = PBXBuildFile; fileRef = 51F859242B05DD760028946D /* ToDoListView.swift */; };
		51F859272B05DD9B0028946D /* NewItemView.swift in Sources */ = {isa = PBXBuildFile; fileRef = 51F859262B05DD9B0028946D /* NewItemView.swift */; };
		51F859292B05DDB20028946D /* LoginView.swift in Sources */ = {isa = PBXBuildFile; fileRef = 51F859282B05DDB20028946D /* LoginView.swift */; };
		51F8592B2B05DDC50028946D /* RegisterView.swift in Sources */ = {isa = PBXBuildFile; fileRef = 51F8592A2B05DDC50028946D /* RegisterView.swift */; };
		51F8592D2B05DDF60028946D /* ToDoListItemView.swift in Sources */ = {isa = PBXBuildFile; fileRef = 51F8592C2B05DDF60028946D /* ToDoListItemView.swift */; };
		51F8592F2B05DE5F0028946D /* User.swift in Sources */ = {isa = PBXBuildFile; fileRef = 51F8592E2B05DE5F0028946D /* User.swift */; };
		51F859312B05DE6F0028946D /* ToDoListItem.swift in Sources */ = {isa = PBXBuildFile; fileRef = 51F859302B05DE6F0028946D /* ToDoListItem.swift */; };
		51F859332B05DEA40028946D /* MainViewViewModel.swift in Sources */ = {isa = PBXBuildFile; fileRef = 51F859322B05DEA40028946D /* MainViewViewModel.swift */; };
		51F859352B05DEC50028946D /* ProfileViewViewModel.swift in Sources */ = {isa = PBXBuildFile; fileRef = 51F859342B05DEC50028946D /* ProfileViewViewModel.swift */; };
		51F859372B05DEE40028946D /* ToDoListViewViewModel.swift in Sources */ = {isa = PBXBuildFile; fileRef = 51F859362B05DEE40028946D /* ToDoListViewViewModel.swift */; };
		51F859392B05DEEE0028946D /* NewItemViewViewModel.swift in Sources */ = {isa = PBXBuildFile; fileRef = 51F859382B05DEEE0028946D /* NewItemViewViewModel.swift */; };
		51F8593B2B05DEF80028946D /* LoginViewViewModel.swift in Sources */ = {isa = PBXBuildFile; fileRef = 51F8593A2B05DEF70028946D /* LoginViewViewModel.swift */; };
		51F8593D2B05DF0A0028946D /* RegisterViewViewModel.swift in Sources */ = {isa = PBXBuildFile; fileRef = 51F8593C2B05DF0A0028946D /* RegisterViewViewModel.swift */; };
		51F8593F2B05DF200028946D /* ToDoListItemViewViewModel.swift in Sources */ = {isa = PBXBuildFile; fileRef = 51F8593E2B05DF200028946D /* ToDoListItemViewViewModel.swift */; };
/* End PBXBuildFile section */

/* Begin PBXContainerItemProxy section */
		519271962B054DA400646EA4 /* PBXContainerItemProxy */ = {
			isa = PBXContainerItemProxy;
			containerPortal = 5192717C2B054DA100646EA4 /* Project object */;
			proxyType = 1;
			remoteGlobalIDString = 519271832B054DA100646EA4;
			remoteInfo = todo;
		};
		519271A02B054DA500646EA4 /* PBXContainerItemProxy */ = {
			isa = PBXContainerItemProxy;
			containerPortal = 5192717C2B054DA100646EA4 /* Project object */;
			proxyType = 1;
			remoteGlobalIDString = 519271832B054DA100646EA4;
			remoteInfo = todo;
		};
/* End PBXContainerItemProxy section */

/* Begin PBXFileReference section */
		519271842B054DA100646EA4 /* todo.app */ = {isa = PBXFileReference; explicitFileType = wrapper.application; includeInIndex = 0; path = todo.app; sourceTree = BUILT_PRODUCTS_DIR; };
		519271872B054DA100646EA4 /* todoApp.swift */ = {isa = PBXFileReference; lastKnownFileType = sourcecode.swift; path = todoApp.swift; sourceTree = "<group>"; };
		519271892B054DA100646EA4 /* MainView.swift */ = {isa = PBXFileReference; lastKnownFileType = sourcecode.swift; path = MainView.swift; sourceTree = "<group>"; };
		5192718B2B054DA400646EA4 /* Assets.xcassets */ = {isa = PBXFileReference; lastKnownFileType = folder.assetcatalog; path = Assets.xcassets; sourceTree = "<group>"; };
		5192718D2B054DA400646EA4 /* todo.entitlements */ = {isa = PBXFileReference; lastKnownFileType = text.plist.entitlements; path = todo.entitlements; sourceTree = "<group>"; };
		5192718F2B054DA400646EA4 /* Preview Assets.xcassets */ = {isa = PBXFileReference; lastKnownFileType = folder.assetcatalog; path = "Preview Assets.xcassets"; sourceTree = "<group>"; };
		519271952B054DA400646EA4 /* todoTests.xctest */ = {isa = PBXFileReference; explicitFileType = wrapper.cfbundle; includeInIndex = 0; path = todoTests.xctest; sourceTree = BUILT_PRODUCTS_DIR; };
		519271992B054DA500646EA4 /* todoTests.swift */ = {isa = PBXFileReference; lastKnownFileType = sourcecode.swift; path = todoTests.swift; sourceTree = "<group>"; };
		5192719F2B054DA500646EA4 /* todoUITests.xctest */ = {isa = PBXFileReference; explicitFileType = wrapper.cfbundle; includeInIndex = 0; path = todoUITests.xctest; sourceTree = BUILT_PRODUCTS_DIR; };
		519271A32B054DA500646EA4 /* todoUITests.swift */ = {isa = PBXFileReference; lastKnownFileType = sourcecode.swift; path = todoUITests.swift; sourceTree = "<group>"; };
		519271A52B054DA500646EA4 /* todoUITestsLaunchTests.swift */ = {isa = PBXFileReference; lastKnownFileType = sourcecode.swift; path = todoUITestsLaunchTests.swift; sourceTree = "<group>"; };
		519271F02B055C8200646EA4 /* GoogleService-Info.plist */ = {isa = PBXFileReference; fileEncoding = 4; lastKnownFileType = text.plist.xml; path = "GoogleService-Info.plist"; sourceTree = "<group>"; };
		51BBD4402B0698FD00D24405 /* HeaderView.swift */ = {isa = PBXFileReference; lastKnownFileType = sourcecode.swift; path = HeaderView.swift; sourceTree = "<group>"; };
		51F859222B05DD5E0028946D /* ProfileView.swift */ = {isa = PBXFileReference; lastKnownFileType = sourcecode.swift; path = ProfileView.swift; sourceTree = "<group>"; };
		51F859242B05DD760028946D /* ToDoListView.swift */ = {isa = PBXFileReference; lastKnownFileType = sourcecode.swift; path = ToDoListView.swift; sourceTree = "<group>"; };
		51F859262B05DD9B0028946D /* NewItemView.swift */ = {isa = PBXFileReference; lastKnownFileType = sourcecode.swift; path = NewItemView.swift; sourceTree = "<group>"; };
		51F859282B05DDB20028946D /* LoginView.swift */ = {isa = PBXFileReference; lastKnownFileType = sourcecode.swift; path = LoginView.swift; sourceTree = "<group>"; };
		51F8592A2B05DDC50028946D /* RegisterView.swift */ = {isa = PBXFileReference; lastKnownFileType = sourcecode.swift; path = RegisterView.swift; sourceTree = "<group>"; };
		51F8592C2B05DDF60028946D /* ToDoListItemView.swift */ = {isa = PBXFileReference; lastKnownFileType = sourcecode.swift; path = ToDoListItemView.swift; sourceTree = "<group>"; };
		51F8592E2B05DE5F0028946D /* User.swift */ = {isa = PBXFileReference; lastKnownFileType = sourcecode.swift; path = User.swift; sourceTree = "<group>"; };
		51F859302B05DE6F0028946D /* ToDoListItem.swift */ = {isa = PBXFileReference; lastKnownFileType = sourcecode.swift; path = ToDoListItem.swift; sourceTree = "<group>"; };
		51F859322B05DEA40028946D /* MainViewViewModel.swift */ = {isa = PBXFileReference; lastKnownFileType = sourcecode.swift; path = MainViewViewModel.swift; sourceTree = "<group>"; };
		51F859342B05DEC50028946D /* ProfileViewViewModel.swift */ = {isa = PBXFileReference; lastKnownFileType = sourcecode.swift; path = ProfileViewViewModel.swift; sourceTree = "<group>"; };
		51F859362B05DEE40028946D /* ToDoListViewViewModel.swift */ = {isa = PBXFileReference; lastKnownFileType = sourcecode.swift; path = ToDoListViewViewModel.swift; sourceTree = "<group>"; };
		51F859382B05DEEE0028946D /* NewItemViewViewModel.swift */ = {isa = PBXFileReference; lastKnownFileType = sourcecode.swift; path = NewItemViewViewModel.swift; sourceTree = "<group>"; };
		51F8593A2B05DEF70028946D /* LoginViewViewModel.swift */ = {isa = PBXFileReference; lastKnownFileType = sourcecode.swift; path = LoginViewViewModel.swift; sourceTree = "<group>"; };
		51F8593C2B05DF0A0028946D /* RegisterViewViewModel.swift */ = {isa = PBXFileReference; lastKnownFileType = sourcecode.swift; path = RegisterViewViewModel.swift; sourceTree = "<group>"; };
		51F8593E2B05DF200028946D /* ToDoListItemViewViewModel.swift */ = {isa = PBXFileReference; lastKnownFileType = sourcecode.swift; path = ToDoListItemViewViewModel.swift; sourceTree = "<group>"; };
/* End PBXFileReference section */

/* Begin PBXFrameworksBuildPhase section */
		519271812B054DA100646EA4 /* Frameworks */ = {
			isa = PBXFrameworksBuildPhase;
			buildActionMask = 2147483647;
			files = (
				519271D22B055A4100646EA4 /* FirebaseFirestore in Frameworks */,
				519271BA2B055A0700646EA4 /* FirebaseAnalytics in Frameworks */,
				519271D62B055A4100646EA4 /* FirebaseFirestoreSwift in Frameworks */,
				519271C62B055A4000646EA4 /* FirebaseAuth in Frameworks */,
			);
			runOnlyForDeploymentPostprocessing = 0;
		};
		519271922B054DA400646EA4 /* Frameworks */ = {
			isa = PBXFrameworksBuildPhase;
			buildActionMask = 2147483647;
			files = (
			);
			runOnlyForDeploymentPostprocessing = 0;
		};
		5192719C2B054DA500646EA4 /* Frameworks */ = {
			isa = PBXFrameworksBuildPhase;
			buildActionMask = 2147483647;
			files = (
			);
			runOnlyForDeploymentPostprocessing = 0;
		};
/* End PBXFrameworksBuildPhase section */

/* Begin PBXGroup section */
		5192717B2B054DA100646EA4 = {
			isa = PBXGroup;
			children = (
				519271862B054DA100646EA4 /* todo */,
				519271982B054DA500646EA4 /* todoTests */,
				519271A22B054DA500646EA4 /* todoUITests */,
				519271852B054DA100646EA4 /* Products */,
				519271B82B055A0700646EA4 /* Frameworks */,
			);
			sourceTree = "<group>";
		};
		519271852B054DA100646EA4 /* Products */ = {
			isa = PBXGroup;
			children = (
				519271842B054DA100646EA4 /* todo.app */,
				519271952B054DA400646EA4 /* todoTests.xctest */,
				5192719F2B054DA500646EA4 /* todoUITests.xctest */,
			);
			name = Products;
			sourceTree = "<group>";
		};
		519271862B054DA100646EA4 /* todo */ = {
			isa = PBXGroup;
			children = (
				5192718D2B054DA400646EA4 /* todo.entitlements */,
				51F859212B05DBBF0028946D /* Other */,
				51F859202B05DBAB0028946D /* Models */,
				51F8591F2B05DB950028946D /* ViewModels */,
				51F8591E2B05DB860028946D /* Views */,
				5192718E2B054DA400646EA4 /* Preview Content */,
			);
			path = todo;
			sourceTree = "<group>";
		};
		5192718E2B054DA400646EA4 /* Preview Content */ = {
			isa = PBXGroup;
			children = (
				5192718F2B054DA400646EA4 /* Preview Assets.xcassets */,
			);
			path = "Preview Content";
			sourceTree = "<group>";
		};
		519271982B054DA500646EA4 /* todoTests */ = {
			isa = PBXGroup;
			children = (
				519271992B054DA500646EA4 /* todoTests.swift */,
			);
			path = todoTests;
			sourceTree = "<group>";
		};
		519271A22B054DA500646EA4 /* todoUITests */ = {
			isa = PBXGroup;
			children = (
				519271A32B054DA500646EA4 /* todoUITests.swift */,
				519271A52B054DA500646EA4 /* todoUITestsLaunchTests.swift */,
			);
			path = todoUITests;
			sourceTree = "<group>";
		};
		519271B82B055A0700646EA4 /* Frameworks */ = {
			isa = PBXGroup;
			children = (
			);
			name = Frameworks;
			sourceTree = "<group>";
		};
		51F8591E2B05DB860028946D /* Views */ = {
			isa = PBXGroup;
			children = (
				519271892B054DA100646EA4 /* MainView.swift */,
				51F859222B05DD5E0028946D /* ProfileView.swift */,
				51F859242B05DD760028946D /* ToDoListView.swift */,
				51F859262B05DD9B0028946D /* NewItemView.swift */,
				51F859282B05DDB20028946D /* LoginView.swift */,
				51F8592A2B05DDC50028946D /* RegisterView.swift */,
				51F8592C2B05DDF60028946D /* ToDoListItemView.swift */,
				51BBD4402B0698FD00D24405 /* HeaderView.swift */,
			);
			path = Views;
			sourceTree = "<group>";
		};
		51F8591F2B05DB950028946D /* ViewModels */ = {
			isa = PBXGroup;
			children = (
				51F859322B05DEA40028946D /* MainViewViewModel.swift */,
				51F859342B05DEC50028946D /* ProfileViewViewModel.swift */,
				51F859362B05DEE40028946D /* ToDoListViewViewModel.swift */,
				51F859382B05DEEE0028946D /* NewItemViewViewModel.swift */,
				51F8593A2B05DEF70028946D /* LoginViewViewModel.swift */,
				51F8593C2B05DF0A0028946D /* RegisterViewViewModel.swift */,
				51F8593E2B05DF200028946D /* ToDoListItemViewViewModel.swift */,
			);
			path = ViewModels;
			sourceTree = "<group>";
		};
		51F859202B05DBAB0028946D /* Models */ = {
			isa = PBXGroup;
			children = (
				51F8592E2B05DE5F0028946D /* User.swift */,
				51F859302B05DE6F0028946D /* ToDoListItem.swift */,
			);
			path = Models;
			sourceTree = "<group>";
		};
		51F859212B05DBBF0028946D /* Other */ = {
			isa = PBXGroup;
			children = (
				519271F02B055C8200646EA4 /* GoogleService-Info.plist */,
				519271872B054DA100646EA4 /* todoApp.swift */,
				5192718B2B054DA400646EA4 /* Assets.xcassets */,
			);
			path = Other;
			sourceTree = "<group>";
		};
/* End PBXGroup section */

/* Begin PBXNativeTarget section */
		519271832B054DA100646EA4 /* todo */ = {
			isa = PBXNativeTarget;
			buildConfigurationList = 519271A92B054DA500646EA4 /* Build configuration list for PBXNativeTarget "todo" */;
			buildPhases = (
				519271802B054DA100646EA4 /* Sources */,
				519271812B054DA100646EA4 /* Frameworks */,
				519271822B054DA100646EA4 /* Resources */,
			);
			buildRules = (
			);
			dependencies = (
			);
			name = todo;
			packageProductDependencies = (
				519271B92B055A0700646EA4 /* FirebaseAnalytics */,
				519271C52B055A4000646EA4 /* FirebaseAuth */,
				519271D12B055A4100646EA4 /* FirebaseFirestore */,
				519271D52B055A4100646EA4 /* FirebaseFirestoreSwift */,
			);
			productName = todo;
			productReference = 519271842B054DA100646EA4 /* todo.app */;
			productType = "com.apple.product-type.application";
		};
		519271942B054DA400646EA4 /* todoTests */ = {
			isa = PBXNativeTarget;
			buildConfigurationList = 519271AC2B054DA500646EA4 /* Build configuration list for PBXNativeTarget "todoTests" */;
			buildPhases = (
				519271912B054DA400646EA4 /* Sources */,
				519271922B054DA400646EA4 /* Frameworks */,
				519271932B054DA400646EA4 /* Resources */,
			);
			buildRules = (
			);
			dependencies = (
				519271972B054DA400646EA4 /* PBXTargetDependency */,
			);
			name = todoTests;
			productName = todoTests;
			productReference = 519271952B054DA400646EA4 /* todoTests.xctest */;
			productType = "com.apple.product-type.bundle.unit-test";
		};
		5192719E2B054DA500646EA4 /* todoUITests */ = {
			isa = PBXNativeTarget;
			buildConfigurationList = 519271AF2B054DA500646EA4 /* Build configuration list for PBXNativeTarget "todoUITests" */;
			buildPhases = (
				5192719B2B054DA500646EA4 /* Sources */,
				5192719C2B054DA500646EA4 /* Frameworks */,
				5192719D2B054DA500646EA4 /* Resources */,
			);
			buildRules = (
			);
			dependencies = (
				519271A12B054DA500646EA4 /* PBXTargetDependency */,
			);
			name = todoUITests;
			productName = todoUITests;
			productReference = 5192719F2B054DA500646EA4 /* todoUITests.xctest */;
			productType = "com.apple.product-type.bundle.ui-testing";
		};
/* End PBXNativeTarget section */

/* Begin PBXProject section */
		5192717C2B054DA100646EA4 /* Project object */ = {
			isa = PBXProject;
			attributes = {
				BuildIndependentTargetsInParallel = 1;
				LastSwiftUpdateCheck = 1500;
				LastUpgradeCheck = 1500;
				TargetAttributes = {
					519271832B054DA100646EA4 = {
						CreatedOnToolsVersion = 15.0.1;
					};
					519271942B054DA400646EA4 = {
						CreatedOnToolsVersion = 15.0.1;
						TestTargetID = 519271832B054DA100646EA4;
					};
					5192719E2B054DA500646EA4 = {
						CreatedOnToolsVersion = 15.0.1;
						TestTargetID = 519271832B054DA100646EA4;
					};
				};
			};
			buildConfigurationList = 5192717F2B054DA100646EA4 /* Build configuration list for PBXProject "todo" */;
			compatibilityVersion = "Xcode 14.0";
			developmentRegion = en;
			hasScannedForEncodings = 0;
			knownRegions = (
				en,
				Base,
			);
			mainGroup = 5192717B2B054DA100646EA4;
			packageReferences = (
				519271B62B05578500646EA4 /* XCRemoteSwiftPackageReference "firebase-ios-sdk" */,
			);
			productRefGroup = 519271852B054DA100646EA4 /* Products */;
			projectDirPath = "";
			projectRoot = "";
			targets = (
				519271832B054DA100646EA4 /* todo */,
				519271942B054DA400646EA4 /* todoTests */,
				5192719E2B054DA500646EA4 /* todoUITests */,
			);
		};
/* End PBXProject section */

/* Begin PBXResourcesBuildPhase section */
		519271822B054DA100646EA4 /* Resources */ = {
			isa = PBXResourcesBuildPhase;
			buildActionMask = 2147483647;
			files = (
				519271902B054DA400646EA4 /* Preview Assets.xcassets in Resources */,
				519271F12B055C8300646EA4 /* GoogleService-Info.plist in Resources */,
				5192718C2B054DA400646EA4 /* Assets.xcassets in Resources */,
			);
			runOnlyForDeploymentPostprocessing = 0;
		};
		519271932B054DA400646EA4 /* Resources */ = {
			isa = PBXResourcesBuildPhase;
			buildActionMask = 2147483647;
			files = (
			);
			runOnlyForDeploymentPostprocessing = 0;
		};
		5192719D2B054DA500646EA4 /* Resources */ = {
			isa = PBXResourcesBuildPhase;
			buildActionMask = 2147483647;
			files = (
			);
			runOnlyForDeploymentPostprocessing = 0;
		};
/* End PBXResourcesBuildPhase section */

/* Begin PBXSourcesBuildPhase section */
		519271802B054DA100646EA4 /* Sources */ = {
			isa = PBXSourcesBuildPhase;
			buildActionMask = 2147483647;
			files = (
				51F859292B05DDB20028946D /* LoginView.swift in Sources */,
				51BBD4412B0698FD00D24405 /* HeaderView.swift in Sources */,
				5192718A2B054DA100646EA4 /* MainView.swift in Sources */,
				51F8593D2B05DF0A0028946D /* RegisterViewViewModel.swift in Sources */,
				51F859332B05DEA40028946D /* MainViewViewModel.swift in Sources */,
				51F859252B05DD760028946D /* ToDoListView.swift in Sources */,
				51F8592B2B05DDC50028946D /* RegisterView.swift in Sources */,
				51F859352B05DEC50028946D /* ProfileViewViewModel.swift in Sources */,
				51F859232B05DD5E0028946D /* ProfileView.swift in Sources */,
				51F8592F2B05DE5F0028946D /* User.swift in Sources */,
				51F8592D2B05DDF60028946D /* ToDoListItemView.swift in Sources */,
				51F859372B05DEE40028946D /* ToDoListViewViewModel.swift in Sources */,
				51F8593B2B05DEF80028946D /* LoginViewViewModel.swift in Sources */,
				519271882B054DA100646EA4 /* todoApp.swift in Sources */,
				51F859312B05DE6F0028946D /* ToDoListItem.swift in Sources */,
				51F859272B05DD9B0028946D /* NewItemView.swift in Sources */,
				51F859392B05DEEE0028946D /* NewItemViewViewModel.swift in Sources */,
				51F8593F2B05DF200028946D /* ToDoListItemViewViewModel.swift in Sources */,
			);
			runOnlyForDeploymentPostprocessing = 0;
		};
		519271912B054DA400646EA4 /* Sources */ = {
			isa = PBXSourcesBuildPhase;
			buildActionMask = 2147483647;
			files = (
				5192719A2B054DA500646EA4 /* todoTests.swift in Sources */,
			);
			runOnlyForDeploymentPostprocessing = 0;
		};
		5192719B2B054DA500646EA4 /* Sources */ = {
			isa = PBXSourcesBuildPhase;
			buildActionMask = 2147483647;
			files = (
				519271A62B054DA500646EA4 /* todoUITestsLaunchTests.swift in Sources */,
				519271A42B054DA500646EA4 /* todoUITests.swift in Sources */,
			);
			runOnlyForDeploymentPostprocessing = 0;
		};
/* End PBXSourcesBuildPhase section */

/* Begin PBXTargetDependency section */
		519271972B054DA400646EA4 /* PBXTargetDependency */ = {
			isa = PBXTargetDependency;
			target = 519271832B054DA100646EA4 /* todo */;
			targetProxy = 519271962B054DA400646EA4 /* PBXContainerItemProxy */;
		};
		519271A12B054DA500646EA4 /* PBXTargetDependency */ = {
			isa = PBXTargetDependency;
			target = 519271832B054DA100646EA4 /* todo */;
			targetProxy = 519271A02B054DA500646EA4 /* PBXContainerItemProxy */;
		};
/* End PBXTargetDependency section */

/* Begin XCBuildConfiguration section */
		519271A72B054DA500646EA4 /* Debug */ = {
			isa = XCBuildConfiguration;
			buildSettings = {
				ALWAYS_SEARCH_USER_PATHS = NO;
				ASSETCATALOG_COMPILER_GENERATE_SWIFT_ASSET_SYMBOL_EXTENSIONS = YES;
				CLANG_ANALYZER_NONNULL = YES;
				CLANG_ANALYZER_NUMBER_OBJECT_CONVERSION = YES_AGGRESSIVE;
				CLANG_CXX_LANGUAGE_STANDARD = "gnu++20";
				CLANG_ENABLE_MODULES = YES;
				CLANG_ENABLE_OBJC_ARC = YES;
				CLANG_ENABLE_OBJC_WEAK = YES;
				CLANG_WARN_BLOCK_CAPTURE_AUTORELEASING = YES;
				CLANG_WARN_BOOL_CONVERSION = YES;
				CLANG_WARN_COMMA = YES;
				CLANG_WARN_CONSTANT_CONVERSION = YES;
				CLANG_WARN_DEPRECATED_OBJC_IMPLEMENTATIONS = YES;
				CLANG_WARN_DIRECT_OBJC_ISA_USAGE = YES_ERROR;
				CLANG_WARN_DOCUMENTATION_COMMENTS = YES;
				CLANG_WARN_EMPTY_BODY = YES;
				CLANG_WARN_ENUM_CONVERSION = YES;
				CLANG_WARN_INFINITE_RECURSION = YES;
				CLANG_WARN_INT_CONVERSION = YES;
				CLANG_WARN_NON_LITERAL_NULL_CONVERSION = YES;
				CLANG_WARN_OBJC_IMPLICIT_RETAIN_SELF = YES;
				CLANG_WARN_OBJC_LITERAL_CONVERSION = YES;
				CLANG_WARN_OBJC_ROOT_CLASS = YES_ERROR;
				CLANG_WARN_QUOTED_INCLUDE_IN_FRAMEWORK_HEADER = YES;
				CLANG_WARN_RANGE_LOOP_ANALYSIS = YES;
				CLANG_WARN_STRICT_PROTOTYPES = YES;
				CLANG_WARN_SUSPICIOUS_MOVE = YES;
				CLANG_WARN_UNGUARDED_AVAILABILITY = YES_AGGRESSIVE;
				CLANG_WARN_UNREACHABLE_CODE = YES;
				CLANG_WARN__DUPLICATE_METHOD_MATCH = YES;
				COPY_PHASE_STRIP = NO;
				DEBUG_INFORMATION_FORMAT = dwarf;
				ENABLE_STRICT_OBJC_MSGSEND = YES;
				ENABLE_TESTABILITY = YES;
				ENABLE_USER_SCRIPT_SANDBOXING = YES;
				GCC_C_LANGUAGE_STANDARD = gnu17;
				GCC_DYNAMIC_NO_PIC = NO;
				GCC_NO_COMMON_BLOCKS = YES;
				GCC_OPTIMIZATION_LEVEL = 0;
				GCC_PREPROCESSOR_DEFINITIONS = (
					"DEBUG=1",
					"$(inherited)",
				);
				GCC_WARN_64_TO_32_BIT_CONVERSION = YES;
				GCC_WARN_ABOUT_RETURN_TYPE = YES_ERROR;
				GCC_WARN_UNDECLARED_SELECTOR = YES;
				GCC_WARN_UNINITIALIZED_AUTOS = YES_AGGRESSIVE;
				GCC_WARN_UNUSED_FUNCTION = YES;
				GCC_WARN_UNUSED_VARIABLE = YES;
				LOCALIZATION_PREFERS_STRING_CATALOGS = YES;
				MTL_ENABLE_DEBUG_INFO = INCLUDE_SOURCE;
				MTL_FAST_MATH = YES;
				ONLY_ACTIVE_ARCH = YES;
				SWIFT_ACTIVE_COMPILATION_CONDITIONS = "DEBUG $(inherited)";
				SWIFT_OPTIMIZATION_LEVEL = "-Onone";
			};
			name = Debug;
		};
		519271A82B054DA500646EA4 /* Release */ = {
			isa = XCBuildConfiguration;
			buildSettings = {
				ALWAYS_SEARCH_USER_PATHS = NO;
				ASSETCATALOG_COMPILER_GENERATE_SWIFT_ASSET_SYMBOL_EXTENSIONS = YES;
				CLANG_ANALYZER_NONNULL = YES;
				CLANG_ANALYZER_NUMBER_OBJECT_CONVERSION = YES_AGGRESSIVE;
				CLANG_CXX_LANGUAGE_STANDARD = "gnu++20";
				CLANG_ENABLE_MODULES = YES;
				CLANG_ENABLE_OBJC_ARC = YES;
				CLANG_ENABLE_OBJC_WEAK = YES;
				CLANG_WARN_BLOCK_CAPTURE_AUTORELEASING = YES;
				CLANG_WARN_BOOL_CONVERSION = YES;
				CLANG_WARN_COMMA = YES;
				CLANG_WARN_CONSTANT_CONVERSION = YES;
				CLANG_WARN_DEPRECATED_OBJC_IMPLEMENTATIONS = YES;
				CLANG_WARN_DIRECT_OBJC_ISA_USAGE = YES_ERROR;
				CLANG_WARN_DOCUMENTATION_COMMENTS = YES;
				CLANG_WARN_EMPTY_BODY = YES;
				CLANG_WARN_ENUM_CONVERSION = YES;
				CLANG_WARN_INFINITE_RECURSION = YES;
				CLANG_WARN_INT_CONVERSION = YES;
				CLANG_WARN_NON_LITERAL_NULL_CONVERSION = YES;
				CLANG_WARN_OBJC_IMPLICIT_RETAIN_SELF = YES;
				CLANG_WARN_OBJC_LITERAL_CONVERSION = YES;
				CLANG_WARN_OBJC_ROOT_CLASS = YES_ERROR;
				CLANG_WARN_QUOTED_INCLUDE_IN_FRAMEWORK_HEADER = YES;
				CLANG_WARN_RANGE_LOOP_ANALYSIS = YES;
				CLANG_WARN_STRICT_PROTOTYPES = YES;
				CLANG_WARN_SUSPICIOUS_MOVE = YES;
				CLANG_WARN_UNGUARDED_AVAILABILITY = YES_AGGRESSIVE;
				CLANG_WARN_UNREACHABLE_CODE = YES;
				CLANG_WARN__DUPLICATE_METHOD_MATCH = YES;
				COPY_PHASE_STRIP = NO;
				DEBUG_INFORMATION_FORMAT = "dwarf-with-dsym";
				ENABLE_NS_ASSERTIONS = NO;
				ENABLE_STRICT_OBJC_MSGSEND = YES;
				ENABLE_USER_SCRIPT_SANDBOXING = YES;
				GCC_C_LANGUAGE_STANDARD = gnu17;
				GCC_NO_COMMON_BLOCKS = YES;
				GCC_WARN_64_TO_32_BIT_CONVERSION = YES;
				GCC_WARN_ABOUT_RETURN_TYPE = YES_ERROR;
				GCC_WARN_UNDECLARED_SELECTOR = YES;
				GCC_WARN_UNINITIALIZED_AUTOS = YES_AGGRESSIVE;
				GCC_WARN_UNUSED_FUNCTION = YES;
				GCC_WARN_UNUSED_VARIABLE = YES;
				LOCALIZATION_PREFERS_STRING_CATALOGS = YES;
				MTL_ENABLE_DEBUG_INFO = NO;
				MTL_FAST_MATH = YES;
				SWIFT_COMPILATION_MODE = wholemodule;
			};
			name = Release;
		};
		519271AA2B054DA500646EA4 /* Debug */ = {
			isa = XCBuildConfiguration;
			buildSettings = {
				ASSETCATALOG_COMPILER_APPICON_NAME = AppIcon;
				ASSETCATALOG_COMPILER_GLOBAL_ACCENT_COLOR_NAME = AccentColor;
				CODE_SIGN_ENTITLEMENTS = todo/todo.entitlements;
				CODE_SIGN_STYLE = Automatic;
				CURRENT_PROJECT_VERSION = 1;
				DEVELOPMENT_ASSET_PATHS = "\"todo/Preview Content\"";
				ENABLE_PREVIEWS = YES;
				GENERATE_INFOPLIST_FILE = YES;
				INFOPLIST_KEY_CFBundleDisplayName = todo;
				"INFOPLIST_KEY_UIApplicationSceneManifest_Generation[sdk=iphoneos*]" = YES;
				"INFOPLIST_KEY_UIApplicationSceneManifest_Generation[sdk=iphonesimulator*]" = YES;
				"INFOPLIST_KEY_UIApplicationSupportsIndirectInputEvents[sdk=iphoneos*]" = YES;
				"INFOPLIST_KEY_UIApplicationSupportsIndirectInputEvents[sdk=iphonesimulator*]" = YES;
				"INFOPLIST_KEY_UILaunchScreen_Generation[sdk=iphoneos*]" = YES;
				"INFOPLIST_KEY_UILaunchScreen_Generation[sdk=iphonesimulator*]" = YES;
				"INFOPLIST_KEY_UIStatusBarStyle[sdk=iphoneos*]" = UIStatusBarStyleDefault;
				"INFOPLIST_KEY_UIStatusBarStyle[sdk=iphonesimulator*]" = UIStatusBarStyleDefault;
				INFOPLIST_KEY_UISupportedInterfaceOrientations = UIInterfaceOrientationPortrait;
				IPHONEOS_DEPLOYMENT_TARGET = 17.0;
				LD_RUNPATH_SEARCH_PATHS = "@executable_path/Frameworks";
				"LD_RUNPATH_SEARCH_PATHS[sdk=macosx*]" = "@executable_path/../Frameworks";
				MACOSX_DEPLOYMENT_TARGET = 14.0;
				MARKETING_VERSION = 1.0;
				PRODUCT_BUNDLE_IDENTIFIER = personal.todo;
				PRODUCT_NAME = "$(TARGET_NAME)";
				SDKROOT = auto;
				SUPPORTED_PLATFORMS = "iphoneos iphonesimulator macosx";
				SUPPORTS_MACCATALYST = NO;
				SWIFT_EMIT_LOC_STRINGS = YES;
				SWIFT_VERSION = 5.0;
				TARGETED_DEVICE_FAMILY = "1,2";
			};
			name = Debug;
		};
		519271AB2B054DA500646EA4 /* Release */ = {
			isa = XCBuildConfiguration;
			buildSettings = {
				ASSETCATALOG_COMPILER_APPICON_NAME = AppIcon;
				ASSETCATALOG_COMPILER_GLOBAL_ACCENT_COLOR_NAME = AccentColor;
				CODE_SIGN_ENTITLEMENTS = todo/todo.entitlements;
				CODE_SIGN_STYLE = Automatic;
				CURRENT_PROJECT_VERSION = 1;
				DEVELOPMENT_ASSET_PATHS = "\"todo/Preview Content\"";
				ENABLE_PREVIEWS = YES;
				GENERATE_INFOPLIST_FILE = YES;
				INFOPLIST_KEY_CFBundleDisplayName = todo;
				"INFOPLIST_KEY_UIApplicationSceneManifest_Generation[sdk=iphoneos*]" = YES;
				"INFOPLIST_KEY_UIApplicationSceneManifest_Generation[sdk=iphonesimulator*]" = YES;
				"INFOPLIST_KEY_UIApplicationSupportsIndirectInputEvents[sdk=iphoneos*]" = YES;
				"INFOPLIST_KEY_UIApplicationSupportsIndirectInputEvents[sdk=iphonesimulator*]" = YES;
				"INFOPLIST_KEY_UILaunchScreen_Generation[sdk=iphoneos*]" = YES;
				"INFOPLIST_KEY_UILaunchScreen_Generation[sdk=iphonesimulator*]" = YES;
				"INFOPLIST_KEY_UIStatusBarStyle[sdk=iphoneos*]" = UIStatusBarStyleDefault;
				"INFOPLIST_KEY_UIStatusBarStyle[sdk=iphonesimulator*]" = UIStatusBarStyleDefault;
				INFOPLIST_KEY_UISupportedInterfaceOrientations = UIInterfaceOrientationPortrait;
				IPHONEOS_DEPLOYMENT_TARGET = 17.0;
				LD_RUNPATH_SEARCH_PATHS = "@executable_path/Frameworks";
				"LD_RUNPATH_SEARCH_PATHS[sdk=macosx*]" = "@executable_path/../Frameworks";
				MACOSX_DEPLOYMENT_TARGET = 14.0;
				MARKETING_VERSION = 1.0;
				PRODUCT_BUNDLE_IDENTIFIER = personal.todo;
				PRODUCT_NAME = "$(TARGET_NAME)";
				SDKROOT = auto;
				SUPPORTED_PLATFORMS = "iphoneos iphonesimulator macosx";
				SUPPORTS_MACCATALYST = NO;
				SWIFT_EMIT_LOC_STRINGS = YES;
				SWIFT_VERSION = 5.0;
				TARGETED_DEVICE_FAMILY = "1,2";
			};
			name = Release;
		};
		519271AD2B054DA500646EA4 /* Debug */ = {
			isa = XCBuildConfiguration;
			buildSettings = {
				ALWAYS_EMBED_SWIFT_STANDARD_LIBRARIES = YES;
				BUNDLE_LOADER = "$(TEST_HOST)";
				CODE_SIGN_STYLE = Automatic;
				CURRENT_PROJECT_VERSION = 1;
				GENERATE_INFOPLIST_FILE = YES;
				IPHONEOS_DEPLOYMENT_TARGET = 17.0;
				MACOSX_DEPLOYMENT_TARGET = 14.0;
				MARKETING_VERSION = 1.0;
				PRODUCT_BUNDLE_IDENTIFIER = personal.todoTests;
				PRODUCT_NAME = "$(TARGET_NAME)";
				SDKROOT = auto;
				SUPPORTED_PLATFORMS = "iphoneos iphonesimulator macosx";
				SWIFT_EMIT_LOC_STRINGS = NO;
				SWIFT_VERSION = 5.0;
				TARGETED_DEVICE_FAMILY = "1,2";
				TEST_HOST = "$(BUILT_PRODUCTS_DIR)/todo.app/$(BUNDLE_EXECUTABLE_FOLDER_PATH)/todo";
			};
			name = Debug;
		};
		519271AE2B054DA500646EA4 /* Release */ = {
			isa = XCBuildConfiguration;
			buildSettings = {
				ALWAYS_EMBED_SWIFT_STANDARD_LIBRARIES = YES;
				BUNDLE_LOADER = "$(TEST_HOST)";
				CODE_SIGN_STYLE = Automatic;
				CURRENT_PROJECT_VERSION = 1;
				GENERATE_INFOPLIST_FILE = YES;
				IPHONEOS_DEPLOYMENT_TARGET = 17.0;
				MACOSX_DEPLOYMENT_TARGET = 14.0;
				MARKETING_VERSION = 1.0;
				PRODUCT_BUNDLE_IDENTIFIER = personal.todoTests;
				PRODUCT_NAME = "$(TARGET_NAME)";
				SDKROOT = auto;
				SUPPORTED_PLATFORMS = "iphoneos iphonesimulator macosx";
				SWIFT_EMIT_LOC_STRINGS = NO;
				SWIFT_VERSION = 5.0;
				TARGETED_DEVICE_FAMILY = "1,2";
				TEST_HOST = "$(BUILT_PRODUCTS_DIR)/todo.app/$(BUNDLE_EXECUTABLE_FOLDER_PATH)/todo";
			};
			name = Release;
		};
		519271B02B054DA500646EA4 /* Debug */ = {
			isa = XCBuildConfiguration;
			buildSettings = {
				ALWAYS_EMBED_SWIFT_STANDARD_LIBRARIES = YES;
				CODE_SIGN_STYLE = Automatic;
				CURRENT_PROJECT_VERSION = 1;
				GENERATE_INFOPLIST_FILE = YES;
				IPHONEOS_DEPLOYMENT_TARGET = 17.0;
				MACOSX_DEPLOYMENT_TARGET = 14.0;
				MARKETING_VERSION = 1.0;
				PRODUCT_BUNDLE_IDENTIFIER = personal.todoUITests;
				PRODUCT_NAME = "$(TARGET_NAME)";
				SDKROOT = auto;
				SUPPORTED_PLATFORMS = "iphoneos iphonesimulator macosx";
				SWIFT_EMIT_LOC_STRINGS = NO;
				SWIFT_VERSION = 5.0;
				TARGETED_DEVICE_FAMILY = "1,2";
				TEST_TARGET_NAME = todo;
			};
			name = Debug;
		};
		519271B12B054DA500646EA4 /* Release */ = {
			isa = XCBuildConfiguration;
			buildSettings = {
				ALWAYS_EMBED_SWIFT_STANDARD_LIBRARIES = YES;
				CODE_SIGN_STYLE = Automatic;
				CURRENT_PROJECT_VERSION = 1;
				GENERATE_INFOPLIST_FILE = YES;
				IPHONEOS_DEPLOYMENT_TARGET = 17.0;
				MACOSX_DEPLOYMENT_TARGET = 14.0;
				MARKETING_VERSION = 1.0;
				PRODUCT_BUNDLE_IDENTIFIER = personal.todoUITests;
				PRODUCT_NAME = "$(TARGET_NAME)";
				SDKROOT = auto;
				SUPPORTED_PLATFORMS = "iphoneos iphonesimulator macosx";
				SWIFT_EMIT_LOC_STRINGS = NO;
				SWIFT_VERSION = 5.0;
				TARGETED_DEVICE_FAMILY = "1,2";
				TEST_TARGET_NAME = todo;
			};
			name = Release;
		};
/* End XCBuildConfiguration section */

/* Begin XCConfigurationList section */
		5192717F2B054DA100646EA4 /* Build configuration list for PBXProject "todo" */ = {
			isa = XCConfigurationList;
			buildConfigurations = (
				519271A72B054DA500646EA4 /* Debug */,
				519271A82B054DA500646EA4 /* Release */,
			);
			defaultConfigurationIsVisible = 0;
			defaultConfigurationName = Release;
		};
		519271A92B054DA500646EA4 /* Build configuration list for PBXNativeTarget "todo" */ = {
			isa = XCConfigurationList;
			buildConfigurations = (
				519271AA2B054DA500646EA4 /* Debug */,
				519271AB2B054DA500646EA4 /* Release */,
			);
			defaultConfigurationIsVisible = 0;
			defaultConfigurationName = Release;
		};
		519271AC2B054DA500646EA4 /* Build configuration list for PBXNativeTarget "todoTests" */ = {
			isa = XCConfigurationList;
			buildConfigurations = (
				519271AD2B054DA500646EA4 /* Debug */,
				519271AE2B054DA500646EA4 /* Release */,
			);
			defaultConfigurationIsVisible = 0;
			defaultConfigurationName = Release;
		};
		519271AF2B054DA500646EA4 /* Build configuration list for PBXNativeTarget "todoUITests" */ = {
			isa = XCConfigurationList;
			buildConfigurations = (
				519271B02B054DA500646EA4 /* Debug */,
				519271B12B054DA500646EA4 /* Release */,
			);
			defaultConfigurationIsVisible = 0;
			defaultConfigurationName = Release;
		};
/* End XCConfigurationList section */

/* Begin XCRemoteSwiftPackageReference section */
		519271B62B05578500646EA4 /* XCRemoteSwiftPackageReference "firebase-ios-sdk" */ = {
			isa = XCRemoteSwiftPackageReference;
			repositoryURL = "https://github.com/firebase/firebase-ios-sdk";
			requirement = {
				kind = upToNextMajorVersion;
				minimumVersion = 10.18.0;
			};
		};
/* End XCRemoteSwiftPackageReference section */

/* Begin XCSwiftPackageProductDependency section */
		519271B92B055A0700646EA4 /* FirebaseAnalytics */ = {
			isa = XCSwiftPackageProductDependency;
			package = 519271B62B05578500646EA4 /* XCRemoteSwiftPackageReference "firebase-ios-sdk" */;
			productName = FirebaseAnalytics;
		};
		519271C52B055A4000646EA4 /* FirebaseAuth */ = {
			isa = XCSwiftPackageProductDependency;
			package = 519271B62B05578500646EA4 /* XCRemoteSwiftPackageReference "firebase-ios-sdk" */;
			productName = FirebaseAuth;
		};
		519271D12B055A4100646EA4 /* FirebaseFirestore */ = {
			isa = XCSwiftPackageProductDependency;
			package = 519271B62B05578500646EA4 /* XCRemoteSwiftPackageReference "firebase-ios-sdk" */;
			productName = FirebaseFirestore;
		};
		519271D52B055A4100646EA4 /* FirebaseFirestoreSwift */ = {
			isa = XCSwiftPackageProductDependency;
			package = 519271B62B05578500646EA4 /* XCRemoteSwiftPackageReference "firebase-ios-sdk" */;
			productName = FirebaseFirestoreSwift;
		};
/* End XCSwiftPackageProductDependency section */
	};
	rootObject = 5192717C2B054DA100646EA4 /* Project object */;
}
